{
  "name": "miniprogram-9",
  "version": "1.0.0",
  "lockfileVersion": 3,
  "requires": true,
  "packages": {
    "": {
      "name": "miniprogram-9",
      "version": "1.0.0",
      "license": "ISC",
      "dependencies": {
        "wx-audio-manager": "^1.3.4"
      }
    },
    "node_modules/wx-audio-manager": {
      "version": "1.3.4",
      "resolved": "https://registry.npmjs.org/wx-audio-manager/-/wx-audio-manager-1.3.4.tgz",
      "integrity": "sha512-IrNSUbOsFOtkn08FLov4FsrXS/AlrQoB7X5AA74fxZDCNpUmqI8P90ydc3ij91KL6Ikm78tEJWuPiR+343ijHA==",
      "license": "MIT"
    }
  }
}
